// !$*UTF8*$!
{
	archiveVersion = 1;
	classes = {
	};
	objectVersion = 77;
	objects = {

/* Begin PBXBuildFile section */
		0991BFDE67F3F8B1E1C0B9EC /* NumberInputSheet.swift in Sources */ = {isa = PBXBuildFile; fileRef = 057D971A20FDEE0B9FA2E8E0 /* NumberInputSheet.swift */; };
		106F903D461DB3A35CEFFD9C /* HabitLogServiceTests.swift in Sources */ = {isa = PBXBuildFile; fileRef = F597F0576D64FB8B9E8914CA /* HabitLogServiceTests.swift */; };
		17C942000E6C2866378F5651 /* SharedModelContainer.swift in Sources */ = {isa = PBXBuildFile; fileRef = 5F441D962BA0D882E5A5664D /* SharedModelContainer.swift */; };
		1AA3530FD86DD3FA506E9B2B /* HabitXWidget.swift in Sources */ = {isa = PBXBuildFile; fileRef = EBC1AF864C49E76C428BA6F3 /* HabitXWidget.swift */; };
		2A5CC0B282CFA0D33E0C9030 /* HabitLogService.swift in Sources */ = {isa = PBXBuildFile; fileRef = CA77FA7D6EA1C07160FADD20 /* HabitLogService.swift */; };
		2C3159434E2B67255FEFE1F8 /* HabitSchemaV1.swift in Sources */ = {isa = PBXBuildFile; fileRef = 16F24E4583CF7098D2DE8E94 /* HabitSchemaV1.swift */; };
		2E9CDE850A18A9140BE8DA7C /* ContentView.swift in Sources */ = {isa = PBXBuildFile; fileRef = 277B5CAB7C0C322E00193D4A /* ContentView.swift */; };
		2F5A810B7121A61F7D3DB520 /* Assets.xcassets in Resources */ = {isa = PBXBuildFile; fileRef = E7E21A73BF7D6DB18F894931 /* Assets.xcassets */; };
		376A28C09F5FC3C6F3DC23AE /* HabitMigrationPlan.swift in Sources */ = {isa = PBXBuildFile; fileRef = 5F1904820B0374945992C5D6 /* HabitMigrationPlan.swift */; };
		3B45AFD45A4A2C66F6980FB2 /* HistoryListView.swift in Sources */ = {isa = PBXBuildFile; fileRef = 8A454400766B5D4BD3F13353 /* HistoryListView.swift */; };
		492CD65B1637720810118AF4 /* HabitCardView.swift in Sources */ = {isa = PBXBuildFile; fileRef = C4E7A0BA13FC90E564EE61DF /* HabitCardView.swift */; };
		4A11ABBA77FC745DFDB7A7B3 /* HabitDefaults.swift in Sources */ = {isa = PBXBuildFile; fileRef = D6E23B8E98622A337CBA46C7 /* HabitDefaults.swift */; };
		5949C4151E923FCC0C73CD7A /* HabitHistoryView.swift in Sources */ = {isa = PBXBuildFile; fileRef = CAD9C7C45E03E07FC445849F /* HabitHistoryView.swift */; };
		5DF4B4B89F7BE73B9C55003A /* HabitSchemaV1.swift in Sources */ = {isa = PBXBuildFile; fileRef = 16F24E4583CF7098D2DE8E94 /* HabitSchemaV1.swift */; };
		64B3AA496D2D5CEAA622043A /* StatsCalculatorTests.swift in Sources */ = {isa = PBXBuildFile; fileRef = 8C19066C5CD5CC78C1F1E6A8 /* StatsCalculatorTests.swift */; };
		7A2BF64C9CB2925A80E88F1E /* HabitFormView.swift in Sources */ = {isa = PBXBuildFile; fileRef = C63986F6D61BD9E4B461A168 /* HabitFormView.swift */; };
		8062084EA4379ADD6AB4E263 /* HabitTemplatePickerView.swift in Sources */ = {isa = PBXBuildFile; fileRef = 1B98D973E2B9C24EA11A8803 /* HabitTemplatePickerView.swift */; };
		8F150ACE9A7BF57331748CF4 /* StatsListView.swift in Sources */ = {isa = PBXBuildFile; fileRef = AC828431483A9659CD71ED17 /* StatsListView.swift */; };
		8F96C7AA9F7788DAFE3F5DB1 /* TabRootView.swift in Sources */ = {isa = PBXBuildFile; fileRef = E74E68BD52A2C78012F838DA /* TabRootView.swift */; };
		91DA0AC9A8EBE9544E4FF141 /* HabitXWidgetBundle.swift in Sources */ = {isa = PBXBuildFile; fileRef = F3312D4FD2A21BD6E957F574 /* HabitXWidgetBundle.swift */; };
		A262FAD4A9FA4E545ADE25F2 /* StatsCalculator.swift in Sources */ = {isa = PBXBuildFile; fileRef = 562F5D95BFA5F4F4AAA1E0C2 /* StatsCalculator.swift */; };
		ABBBE2C78BF66113EAF9E161 /* HabitXApp.swift in Sources */ = {isa = PBXBuildFile; fileRef = 76258FDDEE7757CE2AFDBE9E /* HabitXApp.swift */; };
		C0A5EF9CE72707E221807C7E /* HabitMigrationPlan.swift in Sources */ = {isa = PBXBuildFile; fileRef = 5F1904820B0374945992C5D6 /* HabitMigrationPlan.swift */; };
		D1E24C43D26E9490F45EC76C /* HabitStatsView.swift in Sources */ = {isa = PBXBuildFile; fileRef = B7CB3D1C79BC5E0361BA52FF /* HabitStatsView.swift */; };
		DC8EAED056C4F800741A7089 /* TodayView.swift in Sources */ = {isa = PBXBuildFile; fileRef = A93D08DDDE390B8BFCBFD225 /* TodayView.swift */; };
		FC993CAE54F64F3924496B0A /* SharedModelContainer.swift in Sources */ = {isa = PBXBuildFile; fileRef = 5F441D962BA0D882E5A5664D /* SharedModelContainer.swift */; };
/* End PBXBuildFile section */

/* Begin PBXContainerItemProxy section */
		0574A7123EA24EBBD47A343A /* PBXContainerItemProxy */ = {
			isa = PBXContainerItemProxy;
			containerPortal = 74F49AA9F0CB6314C752F261 /* Project object */;
			proxyType = 1;
			remoteGlobalIDString = 845280BF1864673D0EC1B489;
			remoteInfo = HabitX;
		};
		680C9CE70581C0F500CF5839 /* PBXContainerItemProxy */ = {
			isa = PBXContainerItemProxy;
			containerPortal = 74F49AA9F0CB6314C752F261 /* Project object */;
			proxyType = 1;
			remoteGlobalIDString = 845280BF1864673D0EC1B489;
			remoteInfo = HabitX;
		};
/* End PBXContainerItemProxy section */

/* Begin PBXFileReference section */
		057D971A20FDEE0B9FA2E8E0 /* NumberInputSheet.swift */ = {isa = PBXFileReference; lastKnownFileType = sourcecode.swift; path = NumberInputSheet.swift; sourceTree = "<group>"; };
		072013B7DB9282FE8EA85CEF /* HabitXTests.xctest */ = {isa = PBXFileReference; includeInIndex = 0; lastKnownFileType = wrapper.cfbundle; path = HabitXTests.xctest; sourceTree = BUILT_PRODUCTS_DIR; };
		16F24E4583CF7098D2DE8E94 /* HabitSchemaV1.swift */ = {isa = PBXFileReference; lastKnownFileType = sourcecode.swift; path = HabitSchemaV1.swift; sourceTree = "<group>"; };
		1B98D973E2B9C24EA11A8803 /* HabitTemplatePickerView.swift */ = {isa = PBXFileReference; lastKnownFileType = sourcecode.swift; path = HabitTemplatePickerView.swift; sourceTree = "<group>"; };
		277B5CAB7C0C322E00193D4A /* ContentView.swift */ = {isa = PBXFileReference; lastKnownFileType = sourcecode.swift; path = ContentView.swift; sourceTree = "<group>"; };
		43AF308D860A76AAB701DA79 /* HabitXTests.entitlements */ = {isa = PBXFileReference; lastKnownFileType = text.plist.entitlements; path = HabitXTests.entitlements; sourceTree = "<group>"; };
		4989BB6243283147700E739D /* HabitX.entitlements */ = {isa = PBXFileReference; lastKnownFileType = text.plist.entitlements; path = HabitX.entitlements; sourceTree = "<group>"; };
		562F5D95BFA5F4F4AAA1E0C2 /* StatsCalculator.swift */ = {isa = PBXFileReference; lastKnownFileType = sourcecode.swift; path = StatsCalculator.swift; sourceTree = "<group>"; };
		5F1904820B0374945992C5D6 /* HabitMigrationPlan.swift */ = {isa = PBXFileReference; lastKnownFileType = sourcecode.swift; path = HabitMigrationPlan.swift; sourceTree = "<group>"; };
		5F441D962BA0D882E5A5664D /* SharedModelContainer.swift */ = {isa = PBXFileReference; lastKnownFileType = sourcecode.swift; path = SharedModelContainer.swift; sourceTree = "<group>"; };
		62DD186929896A99F418A443 /* HabitX.app */ = {isa = PBXFileReference; includeInIndex = 0; lastKnownFileType = wrapper.application; path = HabitX.app; sourceTree = BUILT_PRODUCTS_DIR; };
		76258FDDEE7757CE2AFDBE9E /* HabitXApp.swift */ = {isa = PBXFileReference; lastKnownFileType = sourcecode.swift; path = HabitXApp.swift; sourceTree = "<group>"; };
		8A454400766B5D4BD3F13353 /* HistoryListView.swift */ = {isa = PBXFileReference; lastKnownFileType = sourcecode.swift; path = HistoryListView.swift; sourceTree = "<group>"; };
		8C19066C5CD5CC78C1F1E6A8 /* StatsCalculatorTests.swift */ = {isa = PBXFileReference; lastKnownFileType = sourcecode.swift; path = StatsCalculatorTests.swift; sourceTree = "<group>"; };
		9F319A4E4E97884DCF211DE0 /* HabitXWidgetEntitlements.entitlements */ = {isa = PBXFileReference; lastKnownFileType = text.plist.entitlements; path = HabitXWidgetEntitlements.entitlements; sourceTree = "<group>"; };
		A93D08DDDE390B8BFCBFD225 /* TodayView.swift */ = {isa = PBXFileReference; lastKnownFileType = sourcecode.swift; path = TodayView.swift; sourceTree = "<group>"; };
		AC828431483A9659CD71ED17 /* StatsListView.swift */ = {isa = PBXFileReference; lastKnownFileType = sourcecode.swift; path = StatsListView.swift; sourceTree = "<group>"; };
		B7CB3D1C79BC5E0361BA52FF /* HabitStatsView.swift */ = {isa = PBXFileReference; lastKnownFileType = sourcecode.swift; path = HabitStatsView.swift; sourceTree = "<group>"; };
		C4E7A0BA13FC90E564EE61DF /* HabitCardView.swift */ = {isa = PBXFileReference; lastKnownFileType = sourcecode.swift; path = HabitCardView.swift; sourceTree = "<group>"; };
		C63986F6D61BD9E4B461A168 /* HabitFormView.swift */ = {isa = PBXFileReference; lastKnownFileType = sourcecode.swift; path = HabitFormView.swift; sourceTree = "<group>"; };
		CA77FA7D6EA1C07160FADD20 /* HabitLogService.swift */ = {isa = PBXFileReference; lastKnownFileType = sourcecode.swift; path = HabitLogService.swift; sourceTree = "<group>"; };
		CAD9C7C45E03E07FC445849F /* HabitHistoryView.swift */ = {isa = PBXFileReference; lastKnownFileType = sourcecode.swift; path = HabitHistoryView.swift; sourceTree = "<group>"; };
		D6E23B8E98622A337CBA46C7 /* HabitDefaults.swift */ = {isa = PBXFileReference; lastKnownFileType = sourcecode.swift; path = HabitDefaults.swift; sourceTree = "<group>"; };
		E74E68BD52A2C78012F838DA /* TabRootView.swift */ = {isa = PBXFileReference; lastKnownFileType = sourcecode.swift; path = TabRootView.swift; sourceTree = "<group>"; };
		E7E21A73BF7D6DB18F894931 /* Assets.xcassets */ = {isa = PBXFileReference; lastKnownFileType = folder.assetcatalog; path = Assets.xcassets; sourceTree = "<group>"; };
		EBC1AF864C49E76C428BA6F3 /* HabitXWidget.swift */ = {isa = PBXFileReference; lastKnownFileType = sourcecode.swift; path = HabitXWidget.swift; sourceTree = "<group>"; };
		F3312D4FD2A21BD6E957F574 /* HabitXWidgetBundle.swift */ = {isa = PBXFileReference; lastKnownFileType = sourcecode.swift; path = HabitXWidgetBundle.swift; sourceTree = "<group>"; };
		F397B4299497C72457793240 /* HabitXWidget.appex */ = {isa = PBXFileReference; includeInIndex = 0; lastKnownFileType = "wrapper.app-extension"; path = HabitXWidget.appex; sourceTree = BUILT_PRODUCTS_DIR; };
		F597F0576D64FB8B9E8914CA /* HabitLogServiceTests.swift */ = {isa = PBXFileReference; lastKnownFileType = sourcecode.swift; path = HabitLogServiceTests.swift; sourceTree = "<group>"; };
/* End PBXFileReference section */

/* Begin PBXGroup section */
		0B6ED50A232401579EDB498E /* Features */ = {
			isa = PBXGroup;
			children = (
				0D9BBA1160B9D6EA7030A60F /* HabitForm */,
				5F59AC5A955FCEBFCDC170CD /* History */,
				FCA568322515A7EB91EA3B71 /* Root */,
				1DFDD442AFE0E388CC161EBC /* Stats */,
				3B04B3A4B4FA94554A4037B2 /* Today */,
			);
			path = Features;
			sourceTree = "<group>";
		};
		0D9BBA1160B9D6EA7030A60F /* HabitForm */ = {
			isa = PBXGroup;
			children = (
				C63986F6D61BD9E4B461A168 /* HabitFormView.swift */,
				1B98D973E2B9C24EA11A8803 /* HabitTemplatePickerView.swift */,
			);
			path = HabitForm;
			sourceTree = "<group>";
		};
		1DFDD442AFE0E388CC161EBC /* Stats */ = {
			isa = PBXGroup;
			children = (
				B7CB3D1C79BC5E0361BA52FF /* HabitStatsView.swift */,
				AC828431483A9659CD71ED17 /* StatsListView.swift */,
			);
			path = Stats;
			sourceTree = "<group>";
		};
		205CE55B8F8787240CA66EAD /* HabitXTests */ = {
			isa = PBXGroup;
			children = (
				F597F0576D64FB8B9E8914CA /* HabitLogServiceTests.swift */,
				43AF308D860A76AAB701DA79 /* HabitXTests.entitlements */,
				8C19066C5CD5CC78C1F1E6A8 /* StatsCalculatorTests.swift */,
			);
			name = HabitXTests;
			path = HabitX/HabitXTests;
			sourceTree = "<group>";
		};
		239486FFD9FF627268D0FD53 /* Products */ = {
			isa = PBXGroup;
			children = (
				62DD186929896A99F418A443 /* HabitX.app */,
				072013B7DB9282FE8EA85CEF /* HabitXTests.xctest */,
				F397B4299497C72457793240 /* HabitXWidget.appex */,
			);
			name = Products;
			sourceTree = "<group>";
		};
		3B04B3A4B4FA94554A4037B2 /* Today */ = {
			isa = PBXGroup;
			children = (
				C4E7A0BA13FC90E564EE61DF /* HabitCardView.swift */,
				057D971A20FDEE0B9FA2E8E0 /* NumberInputSheet.swift */,
				A93D08DDDE390B8BFCBFD225 /* TodayView.swift */,
			);
			path = Today;
			sourceTree = "<group>";
		};
		3EF671580C115B63C2A2F31C /* Services */ = {
			isa = PBXGroup;
			children = (
				CA77FA7D6EA1C07160FADD20 /* HabitLogService.swift */,
			);
			path = Services;
			sourceTree = "<group>";
		};
		5F59AC5A955FCEBFCDC170CD /* History */ = {
			isa = PBXGroup;
			children = (
				CAD9C7C45E03E07FC445849F /* HabitHistoryView.swift */,
				8A454400766B5D4BD3F13353 /* HistoryListView.swift */,
			);
			path = History;
			sourceTree = "<group>";
		};
		A19EC5972145878A52C42696 /* Utilities */ = {
			isa = PBXGroup;
			children = (
				D6E23B8E98622A337CBA46C7 /* HabitDefaults.swift */,
				562F5D95BFA5F4F4AAA1E0C2 /* StatsCalculator.swift */,
			);
			path = Utilities;
			sourceTree = "<group>";
		};
		A783F54425480938B38B6C79 /* Models */ = {
			isa = PBXGroup;
			children = (
				5F441D962BA0D882E5A5664D /* SharedModelContainer.swift */,
				E41CF5846200A902E2825405 /* Schema */,
			);
			path = Models;
			sourceTree = "<group>";
		};
		C95E25FA6E627B61D48E5121 /* HabitXWidget */ = {
			isa = PBXGroup;
			children = (
				EBC1AF864C49E76C428BA6F3 /* HabitXWidget.swift */,
				F3312D4FD2A21BD6E957F574 /* HabitXWidgetBundle.swift */,
				9F319A4E4E97884DCF211DE0 /* HabitXWidgetEntitlements.entitlements */,
			);
			name = HabitXWidget;
			path = HabitX/HabitXWidget;
			sourceTree = "<group>";
		};
		E41CF5846200A902E2825405 /* Schema */ = {
			isa = PBXGroup;
			children = (
				5F1904820B0374945992C5D6 /* HabitMigrationPlan.swift */,
				16F24E4583CF7098D2DE8E94 /* HabitSchemaV1.swift */,
			);
			path = Schema;
			sourceTree = "<group>";
		};
		ED35F51620CB8C041AA549D7 /* HabitX */ = {
			isa = PBXGroup;
			children = (
				E7E21A73BF7D6DB18F894931 /* Assets.xcassets */,
				277B5CAB7C0C322E00193D4A /* ContentView.swift */,
				4989BB6243283147700E739D /* HabitX.entitlements */,
				76258FDDEE7757CE2AFDBE9E /* HabitXApp.swift */,
				0B6ED50A232401579EDB498E /* Features */,
				A783F54425480938B38B6C79 /* Models */,
				3EF671580C115B63C2A2F31C /* Services */,
				A19EC5972145878A52C42696 /* Utilities */,
			);
			name = HabitX;
			path = HabitX/HabitX;
			sourceTree = "<group>";
		};
		F4EA1124D9425EDA08E071A1 = {
			isa = PBXGroup;
			children = (
				ED35F51620CB8C041AA549D7 /* HabitX */,
				205CE55B8F8787240CA66EAD /* HabitXTests */,
				C95E25FA6E627B61D48E5121 /* HabitXWidget */,
				239486FFD9FF627268D0FD53 /* Products */,
			);
			sourceTree = "<group>";
		};
		FCA568322515A7EB91EA3B71 /* Root */ = {
			isa = PBXGroup;
			children = (
				E74E68BD52A2C78012F838DA /* TabRootView.swift */,
			);
			path = Root;
			sourceTree = "<group>";
		};
/* End PBXGroup section */

/* Begin PBXNativeTarget section */
		122A0DF7EBC7A73FDE978EDE /* HabitXWidget */ = {
			isa = PBXNativeTarget;
			buildConfigurationList = 086F2596D1AA376B60836169 /* Build configuration list for PBXNativeTarget "HabitXWidget" */;
			buildPhases = (
				B96CC1D88D85C74D8DE33DFF /* Sources */,
			);
			buildRules = (
			);
			dependencies = (
				831B24857BE67AB07AF71149 /* PBXTargetDependency */,
			);
			name = HabitXWidget;
			packageProductDependencies = (
			);
			productName = HabitXWidget;
			productReference = F397B4299497C72457793240 /* HabitXWidget.appex */;
			productType = "com.apple.product-type.app-extension";
		};
		845280BF1864673D0EC1B489 /* HabitX */ = {
			isa = PBXNativeTarget;
			buildConfigurationList = 98FF2ED66718022CA048A179 /* Build configuration list for PBXNativeTarget "HabitX" */;
			buildPhases = (
				AB278773C1204B7BDB313A51 /* Sources */,
				EB52550C6714A336AFC0ED8B /* Resources */,
			);
			buildRules = (
			);
			dependencies = (
			);
			name = HabitX;
			packageProductDependencies = (
			);
			productName = HabitX;
			productReference = 62DD186929896A99F418A443 /* HabitX.app */;
			productType = "com.apple.product-type.application";
		};
		F7742026F73AC32666077A13 /* HabitXTests */ = {
			isa = PBXNativeTarget;
			buildConfigurationList = 9C973C974DAACEE8458375C5 /* Build configuration list for PBXNativeTarget "HabitXTests" */;
			buildPhases = (
				D317E27AA319CCB2F3C857C1 /* Sources */,
			);
			buildRules = (
			);
			dependencies = (
				9F3F95FDB49F004EA6CB16DD /* PBXTargetDependency */,
			);
			name = HabitXTests;
			packageProductDependencies = (
			);
			productName = HabitXTests;
			productReference = 072013B7DB9282FE8EA85CEF /* HabitXTests.xctest */;
			productType = "com.apple.product-type.bundle.unit-test";
		};
/* End PBXNativeTarget section */

/* Begin PBXProject section */
		74F49AA9F0CB6314C752F261 /* Project object */ = {
			isa = PBXProject;
			attributes = {
				BuildIndependentTargetsInParallel = YES;
				LastUpgradeCheck = 1630;
				TargetAttributes = {
				};
			};
			buildConfigurationList = 4E4050CF720A62110C1C444F /* Build configuration list for PBXProject "HabitX" */;
			developmentRegion = en;
			hasScannedForEncodings = 0;
			knownRegions = (
				Base,
				en,
			);
			mainGroup = F4EA1124D9425EDA08E071A1;
			minimizedProjectReferenceProxies = 1;
			preferredProjectObjectVersion = 77;
			productRefGroup = 239486FFD9FF627268D0FD53 /* Products */;
			projectDirPath = "";
			projectRoot = "";
			targets = (
				845280BF1864673D0EC1B489 /* HabitX */,
				F7742026F73AC32666077A13 /* HabitXTests */,
				122A0DF7EBC7A73FDE978EDE /* HabitXWidget */,
			);
		};
/* End PBXProject section */

/* Begin PBXResourcesBuildPhase section */
		EB52550C6714A336AFC0ED8B /* Resources */ = {
			isa = PBXResourcesBuildPhase;
			buildActionMask = 2147483647;
			files = (
				2F5A810B7121A61F7D3DB520 /* Assets.xcassets in Resources */,
			);
			runOnlyForDeploymentPostprocessing = 0;
		};
/* End PBXResourcesBuildPhase section */

/* Begin PBXSourcesBuildPhase section */
		AB278773C1204B7BDB313A51 /* Sources */ = {
			isa = PBXSourcesBuildPhase;
			buildActionMask = 2147483647;
			files = (
				2E9CDE850A18A9140BE8DA7C /* ContentView.swift in Sources */,
				492CD65B1637720810118AF4 /* HabitCardView.swift in Sources */,
				4A11ABBA77FC745DFDB7A7B3 /* HabitDefaults.swift in Sources */,
				7A2BF64C9CB2925A80E88F1E /* HabitFormView.swift in Sources */,
				5949C4151E923FCC0C73CD7A /* HabitHistoryView.swift in Sources */,
				2A5CC0B282CFA0D33E0C9030 /* HabitLogService.swift in Sources */,
				376A28C09F5FC3C6F3DC23AE /* HabitMigrationPlan.swift in Sources */,
				2C3159434E2B67255FEFE1F8 /* HabitSchemaV1.swift in Sources */,
				D1E24C43D26E9490F45EC76C /* HabitStatsView.swift in Sources */,
				8062084EA4379ADD6AB4E263 /* HabitTemplatePickerView.swift in Sources */,
				ABBBE2C78BF66113EAF9E161 /* HabitXApp.swift in Sources */,
				3B45AFD45A4A2C66F6980FB2 /* HistoryListView.swift in Sources */,
				0991BFDE67F3F8B1E1C0B9EC /* NumberInputSheet.swift in Sources */,
				17C942000E6C2866378F5651 /* SharedModelContainer.swift in Sources */,
				A262FAD4A9FA4E545ADE25F2 /* StatsCalculator.swift in Sources */,
				8F150ACE9A7BF57331748CF4 /* StatsListView.swift in Sources */,
				8F96C7AA9F7788DAFE3F5DB1 /* TabRootView.swift in Sources */,
				DC8EAED056C4F800741A7089 /* TodayView.swift in Sources */,
			);
			runOnlyForDeploymentPostprocessing = 0;
		};
		B96CC1D88D85C74D8DE33DFF /* Sources */ = {
			isa = PBXSourcesBuildPhase;
			buildActionMask = 2147483647;
			files = (
				C0A5EF9CE72707E221807C7E /* HabitMigrationPlan.swift in Sources */,
				5DF4B4B89F7BE73B9C55003A /* HabitSchemaV1.swift in Sources */,
				1AA3530FD86DD3FA506E9B2B /* HabitXWidget.swift in Sources */,
				91DA0AC9A8EBE9544E4FF141 /* HabitXWidgetBundle.swift in Sources */,
				FC993CAE54F64F3924496B0A /* SharedModelContainer.swift in Sources */,
			);
			runOnlyForDeploymentPostprocessing = 0;
		};
		D317E27AA319CCB2F3C857C1 /* Sources */ = {
			isa = PBXSourcesBuildPhase;
			buildActionMask = 2147483647;
			files = (
				106F903D461DB3A35CEFFD9C /* HabitLogServiceTests.swift in Sources */,
				64B3AA496D2D5CEAA622043A /* StatsCalculatorTests.swift in Sources */,
			);
			runOnlyForDeploymentPostprocessing = 0;
		};
/* End PBXSourcesBuildPhase section */

/* Begin PBXTargetDependency section */
		831B24857BE67AB07AF71149 /* PBXTargetDependency */ = {
			isa = PBXTargetDependency;
			target = 845280BF1864673D0EC1B489 /* HabitX */;
			targetProxy = 680C9CE70581C0F500CF5839 /* PBXContainerItemProxy */;
		};
		9F3F95FDB49F004EA6CB16DD /* PBXTargetDependency */ = {
			isa = PBXTargetDependency;
			target = 845280BF1864673D0EC1B489 /* HabitX */;
			targetProxy = 0574A7123EA24EBBD47A343A /* PBXContainerItemProxy */;
		};
/* End PBXTargetDependency section */

/* Begin XCBuildConfiguration section */
		031A088B497DBFD349C0ED6B /* Debug */ = {
			isa = XCBuildConfiguration;
			buildSettings = {
				ASSETCATALOG_COMPILER_APPICON_NAME = AppIcon;
				ASSETCATALOG_COMPILER_GLOBAL_ACCENT_COLOR_NAME = AccentColor;
				CODE_SIGN_ENTITLEMENTS = HabitX/HabitX/HabitX.entitlements;
				CODE_SIGN_IDENTITY = "iPhone Developer";
				GENERATE_INFOPLIST_FILE = YES;
				INFOPLIST_KEY_UIApplicationSceneManifest_Generation = YES;
				INFOPLIST_KEY_UIApplicationSupportsIndirectInputEvents = YES;
				INFOPLIST_KEY_UILaunchScreen_Generation = YES;
				INFOPLIST_KEY_UISupportedInterfaceOrientations_iPhone = UIInterfaceOrientationPortrait;
				LD_RUNPATH_SEARCH_PATHS = (
					"$(inherited)",
					"@executable_path/Frameworks",
				);
				PRODUCT_BUNDLE_IDENTIFIER = com.habitx.app;
				SDKROOT = iphoneos;
				TARGETED_DEVICE_FAMILY = "1,2";
			};
			name = Debug;
		};
		11058D16BCDBDBFA777A0E1F /* Debug */ = {
			isa = XCBuildConfiguration;
			buildSettings = {
				ALWAYS_SEARCH_USER_PATHS = NO;
				CLANG_ANALYZER_NONNULL = YES;
				CLANG_ANALYZER_NUMBER_OBJECT_CONVERSION = YES_AGGRESSIVE;
				CLANG_CXX_LANGUAGE_STANDARD = "gnu++14";
				CLANG_CXX_LIBRARY = "libc++";
				CLANG_ENABLE_MODULES = YES;
				CLANG_ENABLE_OBJC_ARC = YES;
				CLANG_ENABLE_OBJC_WEAK = YES;
				CLANG_WARN_BLOCK_CAPTURE_AUTORELEASING = YES;
				CLANG_WARN_BOOL_CONVERSION = YES;
				CLANG_WARN_COMMA = YES;
				CLANG_WARN_CONSTANT_CONVERSION = YES;
				CLANG_WARN_DEPRECATED_OBJC_IMPLEMENTATIONS = YES;
				CLANG_WARN_DIRECT_OBJC_ISA_USAGE = YES_ERROR;
				CLANG_WARN_DOCUMENTATION_COMMENTS = YES;
				CLANG_WARN_EMPTY_BODY = YES;
				CLANG_WARN_ENUM_CONVERSION = YES;
				CLANG_WARN_INFINITE_RECURSION = YES;
				CLANG_WARN_INT_CONVERSION = YES;
				CLANG_WARN_NON_LITERAL_NULL_CONVERSION = YES;
				CLANG_WARN_OBJC_IMPLICIT_RETAIN_SELF = YES;
				CLANG_WARN_OBJC_LITERAL_CONVERSION = YES;
				CLANG_WARN_OBJC_ROOT_CLASS = YES_ERROR;
				CLANG_WARN_QUOTED_INCLUDE_IN_FRAMEWORK_HEADER = YES;
				CLANG_WARN_RANGE_LOOP_ANALYSIS = YES;
				CLANG_WARN_STRICT_PROTOTYPES = YES;
				CLANG_WARN_SUSPICIOUS_MOVE = YES;
				CLANG_WARN_UNGUARDED_AVAILABILITY = YES_AGGRESSIVE;
				CLANG_WARN_UNREACHABLE_CODE = YES;
				CLANG_WARN__DUPLICATE_METHOD_MATCH = YES;
				COPY_PHASE_STRIP = NO;
				DEBUG_INFORMATION_FORMAT = dwarf;
				ENABLE_STRICT_OBJC_MSGSEND = YES;
				ENABLE_TESTABILITY = YES;
				GCC_C_LANGUAGE_STANDARD = gnu11;
				GCC_DYNAMIC_NO_PIC = NO;
				GCC_NO_COMMON_BLOCKS = YES;
				GCC_OPTIMIZATION_LEVEL = 0;
				GCC_PREPROCESSOR_DEFINITIONS = (
					"$(inherited)",
					"DEBUG=1",
				);
				GCC_WARN_64_TO_32_BIT_CONVERSION = YES;
				GCC_WARN_ABOUT_RETURN_TYPE = YES_ERROR;
				GCC_WARN_UNDECLARED_SELECTOR = YES;
				GCC_WARN_UNINITIALIZED_AUTOS = YES_AGGRESSIVE;
				GCC_WARN_UNUSED_FUNCTION = YES;
				GCC_WARN_UNUSED_VARIABLE = YES;
				IPHONEOS_DEPLOYMENT_TARGET = 17.0;
				MTL_ENABLE_DEBUG_INFO = INCLUDE_SOURCE;
				MTL_FAST_MATH = YES;
				ONLY_ACTIVE_ARCH = YES;
				PRODUCT_NAME = "$(TARGET_NAME)";
				SDKROOT = iphoneos;
				SWIFT_ACTIVE_COMPILATION_CONDITIONS = DEBUG;
				SWIFT_OPTIMIZATION_LEVEL = "-Onone";
				SWIFT_STRICT_CONCURRENCY = complete;
				SWIFT_VERSION = 6.0;
			};
			name = Debug;
		};
		3FA117CA20912777EE19C36E /* Debug */ = {
			isa = XCBuildConfiguration;
			buildSettings = {
				CODE_SIGN_ENTITLEMENTS = HabitX/HabitXWidget/HabitXWidgetEntitlements.entitlements;
				GENERATE_INFOPLIST_FILE = YES;
				INFOPLIST_KEY_CFBundleDisplayName = HabitXWidget;
				INFOPLIST_KEY_NSExtension_NSExtensionPointIdentifier = "com.apple.widgetkit-extension";
				LD_RUNPATH_SEARCH_PATHS = (
					"$(inherited)",
					"@executable_path/Frameworks",
					"@executable_path/../../Frameworks",
				);
				PRODUCT_BUNDLE_IDENTIFIER = com.habitx.app.widget;
				SDKROOT = iphoneos;
				TARGETED_DEVICE_FAMILY = "1,2";
			};
			name = Debug;
		};
		6E7EC4BDE3D883F945CFB6B5 /* Release */ = {
			isa = XCBuildConfiguration;
			buildSettings = {
				CODE_SIGN_ENTITLEMENTS = HabitX/HabitXWidget/HabitXWidgetEntitlements.entitlements;
				GENERATE_INFOPLIST_FILE = YES;
				INFOPLIST_KEY_CFBundleDisplayName = HabitXWidget;
				INFOPLIST_KEY_NSExtension_NSExtensionPointIdentifier = "com.apple.widgetkit-extension";
				LD_RUNPATH_SEARCH_PATHS = (
					"$(inherited)",
					"@executable_path/Frameworks",
					"@executable_path/../../Frameworks",
				);
				PRODUCT_BUNDLE_IDENTIFIER = com.habitx.app.widget;
				SDKROOT = iphoneos;
				TARGETED_DEVICE_FAMILY = "1,2";
			};
			name = Release;
		};
		7B63127423F14C01CB734875 /* Debug */ = {
			isa = XCBuildConfiguration;
			buildSettings = {
				BUNDLE_LOADER = "$(TEST_HOST)";
				CODE_SIGN_ENTITLEMENTS = HabitX/HabitXTests/HabitXTests.entitlements;
				GENERATE_INFOPLIST_FILE = YES;
				LD_RUNPATH_SEARCH_PATHS = (
					"$(inherited)",
					"@executable_path/Frameworks",
					"@loader_path/Frameworks",
				);
				PRODUCT_BUNDLE_IDENTIFIER = com.habitx.app.tests;
				SDKROOT = iphoneos;
				SWIFT_STRICT_CONCURRENCY = complete;
				SWIFT_VERSION = 6.0;
				TARGETED_DEVICE_FAMILY = "1,2";
				TEST_HOST = "$(BUILT_PRODUCTS_DIR)/HabitX.app/HabitX";
			};
			name = Debug;
		};
		7B9BDB9393BC6AE29C9431F4 /* Release */ = {
			isa = XCBuildConfiguration;
			buildSettings = {
				ASSETCATALOG_COMPILER_APPICON_NAME = AppIcon;
				ASSETCATALOG_COMPILER_GLOBAL_ACCENT_COLOR_NAME = AccentColor;
				CODE_SIGN_ENTITLEMENTS = HabitX/HabitX/HabitX.entitlements;
				CODE_SIGN_IDENTITY = "iPhone Developer";
				GENERATE_INFOPLIST_FILE = YES;
				INFOPLIST_KEY_UIApplicationSceneManifest_Generation = YES;
				INFOPLIST_KEY_UIApplicationSupportsIndirectInputEvents = YES;
				INFOPLIST_KEY_UILaunchScreen_Generation = YES;
				INFOPLIST_KEY_UISupportedInterfaceOrientations_iPhone = UIInterfaceOrientationPortrait;
				LD_RUNPATH_SEARCH_PATHS = (
					"$(inherited)",
					"@executable_path/Frameworks",
				);
				PRODUCT_BUNDLE_IDENTIFIER = com.habitx.app;
				SDKROOT = iphoneos;
				TARGETED_DEVICE_FAMILY = "1,2";
			};
			name = Release;
		};
		7EC7583936B45979AEE2224A /* Release */ = {
			isa = XCBuildConfiguration;
			buildSettings = {
				ALWAYS_SEARCH_USER_PATHS = NO;
				CLANG_ANALYZER_NONNULL = YES;
				CLANG_ANALYZER_NUMBER_OBJECT_CONVERSION = YES_AGGRESSIVE;
				CLANG_CXX_LANGUAGE_STANDARD = "gnu++14";
				CLANG_CXX_LIBRARY = "libc++";
				CLANG_ENABLE_MODULES = YES;
				CLANG_ENABLE_OBJC_ARC = YES;
				CLANG_ENABLE_OBJC_WEAK = YES;
				CLANG_WARN_BLOCK_CAPTURE_AUTORELEASING = YES;
				CLANG_WARN_BOOL_CONVERSION = YES;
				CLANG_WARN_COMMA = YES;
				CLANG_WARN_CONSTANT_CONVERSION = YES;
				CLANG_WARN_DEPRECATED_OBJC_IMPLEMENTATIONS = YES;
				CLANG_WARN_DIRECT_OBJC_ISA_USAGE = YES_ERROR;
				CLANG_WARN_DOCUMENTATION_COMMENTS = YES;
				CLANG_WARN_EMPTY_BODY = YES;
				CLANG_WARN_ENUM_CONVERSION = YES;
				CLANG_WARN_INFINITE_RECURSION = YES;
				CLANG_WARN_INT_CONVERSION = YES;
				CLANG_WARN_NON_LITERAL_NULL_CONVERSION = YES;
				CLANG_WARN_OBJC_IMPLICIT_RETAIN_SELF = YES;
				CLANG_WARN_OBJC_LITERAL_CONVERSION = YES;
				CLANG_WARN_OBJC_ROOT_CLASS = YES_ERROR;
				CLANG_WARN_QUOTED_INCLUDE_IN_FRAMEWORK_HEADER = YES;
				CLANG_WARN_RANGE_LOOP_ANALYSIS = YES;
				CLANG_WARN_STRICT_PROTOTYPES = YES;
				CLANG_WARN_SUSPICIOUS_MOVE = YES;
				CLANG_WARN_UNGUARDED_AVAILABILITY = YES_AGGRESSIVE;
				CLANG_WARN_UNREACHABLE_CODE = YES;
				CLANG_WARN__DUPLICATE_METHOD_MATCH = YES;
				COPY_PHASE_STRIP = NO;
				DEBUG_INFORMATION_FORMAT = "dwarf-with-dsym";
				ENABLE_NS_ASSERTIONS = NO;
				ENABLE_STRICT_OBJC_MSGSEND = YES;
				GCC_C_LANGUAGE_STANDARD = gnu11;
				GCC_NO_COMMON_BLOCKS = YES;
				GCC_WARN_64_TO_32_BIT_CONVERSION = YES;
				GCC_WARN_ABOUT_RETURN_TYPE = YES_ERROR;
				GCC_WARN_UNDECLARED_SELECTOR = YES;
				GCC_WARN_UNINITIALIZED_AUTOS = YES_AGGRESSIVE;
				GCC_WARN_UNUSED_FUNCTION = YES;
				GCC_WARN_UNUSED_VARIABLE = YES;
				IPHONEOS_DEPLOYMENT_TARGET = 17.0;
				MTL_ENABLE_DEBUG_INFO = NO;
				MTL_FAST_MATH = YES;
				PRODUCT_NAME = "$(TARGET_NAME)";
				SDKROOT = iphoneos;
				SWIFT_COMPILATION_MODE = wholemodule;
				SWIFT_OPTIMIZATION_LEVEL = "-O";
				SWIFT_STRICT_CONCURRENCY = complete;
				SWIFT_VERSION = 6.0;
			};
			name = Release;
		};
		DA8849802B0FC087F77EDE03 /* Release */ = {
			isa = XCBuildConfiguration;
			buildSettings = {
				BUNDLE_LOADER = "$(TEST_HOST)";
				CODE_SIGN_ENTITLEMENTS = HabitX/HabitXTests/HabitXTests.entitlements;
				GENERATE_INFOPLIST_FILE = YES;
				LD_RUNPATH_SEARCH_PATHS = (
					"$(inherited)",
					"@executable_path/Frameworks",
					"@loader_path/Frameworks",
				);
				PRODUCT_BUNDLE_IDENTIFIER = com.habitx.app.tests;
				SDKROOT = iphoneos;
				SWIFT_STRICT_CONCURRENCY = complete;
				SWIFT_VERSION = 6.0;
				TARGETED_DEVICE_FAMILY = "1,2";
				TEST_HOST = "$(BUILT_PRODUCTS_DIR)/HabitX.app/HabitX";
			};
			name = Release;
		};
/* End XCBuildConfiguration section */

/* Begin XCConfigurationList section */
		086F2596D1AA376B60836169 /* Build configuration list for PBXNativeTarget "HabitXWidget" */ = {
			isa = XCConfigurationList;
			buildConfigurations = (
				3FA117CA20912777EE19C36E /* Debug */,
				6E7EC4BDE3D883F945CFB6B5 /* Release */,
			);
			defaultConfigurationIsVisible = 0;
			defaultConfigurationName = Debug;
		};
		4E4050CF720A62110C1C444F /* Build configuration list for PBXProject "HabitX" */ = {
			isa = XCConfigurationList;
			buildConfigurations = (
				11058D16BCDBDBFA777A0E1F /* Debug */,
				7EC7583936B45979AEE2224A /* Release */,
			);
			defaultConfigurationIsVisible = 0;
			defaultConfigurationName = Debug;
		};
		98FF2ED66718022CA048A179 /* Build configuration list for PBXNativeTarget "HabitX" */ = {
			isa = XCConfigurationList;
			buildConfigurations = (
				031A088B497DBFD349C0ED6B /* Debug */,
				7B9BDB9393BC6AE29C9431F4 /* Release */,
			);
			defaultConfigurationIsVisible = 0;
			defaultConfigurationName = Debug;
		};
		9C973C974DAACEE8458375C5 /* Build configuration list for PBXNativeTarget "HabitXTests" */ = {
			isa = XCConfigurationList;
			buildConfigurations = (
				7B63127423F14C01CB734875 /* Debug */,
				DA8849802B0FC087F77EDE03 /* Release */,
			);
			defaultConfigurationIsVisible = 0;
			defaultConfigurationName = Debug;
		};
/* End XCConfigurationList section */
	};
	rootObject = 74F49AA9F0CB6314C752F261 /* Project object */;
}
